
Microsoft Visual Studio Solution File, Format Version 12.00
Project("{FAE04EC0-301F-11D3-BF4B-00C04F79EFBC}") = "SystemEquationsLogic", "SystemEquationsLogic\SystemEquationsLogic.csproj", "{B1EDC838-41EE-415D-B45B-E907909E481C}"
EndProject
Project("{FAE04EC0-301F-11D3-BF4B-00C04F79EFBC}") = "Expression", "Expression\Expression.csproj", "{50394943-25BE-4B1E-A6EC-E687E7AFB76F}"
EndProject
Project("{FAE04EC0-301F-11D3-BF4B-00C04F79EFBC}") = "SystemEquations", "SystemEquations\SystemEquations.csproj", "{3158A328-D2C0-4076-9E61-B6E9C861050A}"
EndProject
Global
	GlobalSection(SolutionConfigurationPlatforms) = preSolution
		Debug|Any CPU = Debug|Any CPU
		Release|Any CPU = Release|Any CPU
	EndGlobalSection
	GlobalSection(ProjectConfigurationPlatforms) = postSolution
		{B1EDC838-41EE-415D-B45B-E907909E481C}.Debug|Any CPU.ActiveCfg = Debug|Any CPU
		{B1EDC838-41EE-415D-B45B-E907909E481C}.Debug|Any CPU.Build.0 = Debug|Any CPU
		{B1EDC838-41EE-415D-B45B-E907909E481C}.Release|Any CPU.ActiveCfg = Release|Any CPU
		{B1EDC838-41EE-415D-B45B-E907909E481C}.Release|Any CPU.Build.0 = Release|Any CPU
		{50394943-25BE-4B1E-A6EC-E687E7AFB76F}.Debug|Any CPU.ActiveCfg = Debug|Any CPU
		{50394943-25BE-4B1E-A6EC-E687E7AFB76F}.Debug|Any CPU.Build.0 = Debug|Any CPU
		{50394943-25BE-4B1E-A6EC-E687E7AFB76F}.Release|Any CPU.ActiveCfg = Release|Any CPU
		{50394943-25BE-4B1E-A6EC-E687E7AFB76F}.Release|Any CPU.Build.0 = Release|Any CPU
		{C1EFF631-4C21-4E15-9CBF-799B7E5FF5F9}.Debug|Any CPU.ActiveCfg = Debug|Any CPU
		{C1EFF631-4C21-4E15-9CBF-799B7E5FF5F9}.Debug|Any CPU.Build.0 = Debug|Any CPU
		{C1EFF631-4C21-4E15-9CBF-799B7E5FF5F9}.Release|Any CPU.ActiveCfg = Release|Any CPU
		{C1EFF631-4C21-4E15-9CBF-799B7E5FF5F9}.Release|Any CPU.Build.0 = Release|Any CPU
		{3158A328-D2C0-4076-9E61-B6E9C861050A}.Debug|Any CPU.ActiveCfg = Debug|Any CPU
		{3158A328-D2C0-4076-9E61-B6E9C861050A}.Debug|Any CPU.Build.0 = Debug|Any CPU
		{3158A328-D2C0-4076-9E61-B6E9C861050A}.Release|Any CPU.ActiveCfg = Release|Any CPU
		{3158A328-D2C0-4076-9E61-B6E9C861050A}.Release|Any CPU.Build.0 = Release|Any CPU
	EndGlobalSection
EndGlobal
